
Microsoft Visual Studio Solution File, Format Version 12.00
# Visual Studio Version 16
VisualStudioVersion = 16.0.32126.315
MinimumVisualStudioVersion = 10.0.40219.1
Project("{FAE04EC0-301F-11D3-BF4B-00C04F79EFBC}") = "UpcastingDowncasting", "UpcastingDowncasting\UpcastingDowncasting.csproj", "{E90388AD-66B6-490F-AF92-9BAAE3F008EC}"
EndProject
Global
	GlobalSection(SolutionConfigurationPlatforms) = preSolution
		Debug|Any CPU = Debug|Any CPU
		Release|Any CPU = Release|Any CPU
	EndGlobalSection
	GlobalSection(ProjectConfigurationPlatforms) = postSolution
		{E90388AD-66B6-490F-AF92-9BAAE3F008EC}.Debug|Any CPU.ActiveCfg = Debug|Any CPU
		{E90388AD-66B6-490F-AF92-9BAAE3F008EC}.Debug|Any CPU.Build.0 = Debug|Any CPU
		{E90388AD-66B6-490F-AF92-9BAAE3F008EC}.Release|Any CPU.ActiveCfg = Release|Any CPU
		{E90388AD-66B6-490F-AF92-9BAAE3F008EC}.Release|Any CPU.Build.0 = Release|Any CPU
	EndGlobalSection
	GlobalSection(SolutionProperties) = preSolution
		HideSolutionNode = FALSE
	EndGlobalSection
	GlobalSection(ExtensibilityGlobals) = postSolution
		SolutionGuid = {85C34E77-C66D-4618-8DB1-FFD482D443ED}
	EndGlobalSection
EndGlobal
